
Microsoft Visual Studio Solution File, Format Version 12.00
# Visual Studio 15
VisualStudioVersion = 15.0.27004.2005
MinimumVisualStudioVersion = 10.0.40219.1
Project("{FAE04EC0-301F-11D3-BF4B-00C04F79EFBC}") = "Counter", "Counter\Counter.csproj", "{429D1F25-ED46-4E4D-B4D9-018319D38CB0}"
EndProject
Global
	GlobalSection(SolutionConfigurationPlatforms) = preSolution
		Debug|Any CPU = Debug|Any CPU
		Release|Any CPU = Release|Any CPU
	EndGlobalSection
	GlobalSection(ProjectConfigurationPlatforms) = postSolution
		{429D1F25-ED46-4E4D-B4D9-018319D38CB0}.Debug|Any CPU.ActiveCfg = Debug|Any CPU
		{429D1F25-ED46-4E4D-B4D9-018319D38CB0}.Debug|Any CPU.Build.0 = Debug|Any CPU
		{429D1F25-ED46-4E4D-B4D9-018319D38CB0}.Release|Any CPU.ActiveCfg = Release|Any CPU
		{429D1F25-ED46-4E4D-B4D9-018319D38CB0}.Release|Any CPU.Build.0 = Release|Any CPU
	EndGlobalSection
	GlobalSection(SolutionProperties) = preSolution
		HideSolutionNode = FALSE
	EndGlobalSection
	GlobalSection(ExtensibilityGlobals) = postSolution
		SolutionGuid = {38807168-9874-4327-AC5F-C3AC1CB7013E}
	EndGlobalSection
EndGlobal
